
Microsoft Visual Studio Solution File, Format Version 12.00
# Visual Studio 15
VisualStudioVersion = 15.0.28307.168
MinimumVisualStudioVersion = 10.0.40219.1
Project("{FAE04EC0-301F-11D3-BF4B-00C04F79EFBC}") = "MeshyDB.SDK.Examples.Angular.NetCore20", "MeshyDB.SDK.Examples.Angular.NetCore20\MeshyDB.SDK.Examples.Angular.NetCore20.csproj", "{B8D820D3-3542-4309-93B8-441B8DF6D9F3}"
EndProject
Global
	GlobalSection(SolutionConfigurationPlatforms) = preSolution
		Debug|Any CPU = Debug|Any CPU
		Release|Any CPU = Release|Any CPU
	EndGlobalSection
	GlobalSection(ProjectConfigurationPlatforms) = postSolution
		{B8D820D3-3542-4309-93B8-441B8DF6D9F3}.Debug|Any CPU.ActiveCfg = Debug|Any CPU
		{B8D820D3-3542-4309-93B8-441B8DF6D9F3}.Debug|Any CPU.Build.0 = Debug|Any CPU
		{B8D820D3-3542-4309-93B8-441B8DF6D9F3}.Release|Any CPU.ActiveCfg = Release|Any CPU
		{B8D820D3-3542-4309-93B8-441B8DF6D9F3}.Release|Any CPU.Build.0 = Release|Any CPU
	EndGlobalSection
	GlobalSection(SolutionProperties) = preSolution
		HideSolutionNode = FALSE
	EndGlobalSection
	GlobalSection(ExtensibilityGlobals) = postSolution
		SolutionGuid = {B7C81971-433A-475C-806B-D552BFF6929C}
	EndGlobalSection
EndGlobal
