
Microsoft Visual Studio Solution File, Format Version 12.00
# Visual Studio 15
VisualStudioVersion = 15.0.27703.2042
MinimumVisualStudioVersion = 10.0.40219.1
Project("{9A19103F-16F7-4668-BE54-9A1E7A4F7556}") = "MeshyDb.SDK", "MeshyDb.SDK\MeshyDb.SDK.csproj", "{91CEDF3D-9E37-489F-8169-CB5AF9E955BB}"
EndProject
Project("{9A19103F-16F7-4668-BE54-9A1E7A4F7556}") = "MeshyDb.SDK.Tests", "MeshyDb.SDK.Tests\MeshyDb.SDK.Tests.csproj", "{5021B1EF-DFC5-4411-816D-537C932564E6}"
EndProject
Global
	GlobalSection(SolutionConfigurationPlatforms) = preSolution
		Debug|Any CPU = Debug|Any CPU
		Release|Any CPU = Release|Any CPU
	EndGlobalSection
	GlobalSection(ProjectConfigurationPlatforms) = postSolution
		{91CEDF3D-9E37-489F-8169-CB5AF9E955BB}.Debug|Any CPU.ActiveCfg = Debug|Any CPU
		{91CEDF3D-9E37-489F-8169-CB5AF9E955BB}.Debug|Any CPU.Build.0 = Debug|Any CPU
		{91CEDF3D-9E37-489F-8169-CB5AF9E955BB}.Release|Any CPU.ActiveCfg = Release|Any CPU
		{91CEDF3D-9E37-489F-8169-CB5AF9E955BB}.Release|Any CPU.Build.0 = Release|Any CPU
		{5021B1EF-DFC5-4411-816D-537C932564E6}.Debug|Any CPU.ActiveCfg = Debug|Any CPU
		{5021B1EF-DFC5-4411-816D-537C932564E6}.Debug|Any CPU.Build.0 = Debug|Any CPU
		{5021B1EF-DFC5-4411-816D-537C932564E6}.Release|Any CPU.ActiveCfg = Release|Any CPU
		{5021B1EF-DFC5-4411-816D-537C932564E6}.Release|Any CPU.Build.0 = Release|Any CPU
	EndGlobalSection
	GlobalSection(SolutionProperties) = preSolution
		HideSolutionNode = FALSE
	EndGlobalSection
	GlobalSection(ExtensibilityGlobals) = postSolution
		SolutionGuid = {836FC882-9160-45FD-AFCA-9A92B84FB986}
	EndGlobalSection
EndGlobal
