
Microsoft Visual Studio Solution File, Format Version 12.00
# Visual Studio 15
VisualStudioVersion = 15.0.28307.168
MinimumVisualStudioVersion = 10.0.40219.1
Project("{FAE04EC0-301F-11D3-BF4B-00C04F79EFBC}") = "MeshyDB.SDK.Examples.Console.Net471", "MeshyDB.SDK.Examples.Console.Net471\MeshyDB.SDK.Examples.Console.Net471.csproj", "{A866871D-93B2-436C-BE03-42F3A2F0D825}"
EndProject
Global
	GlobalSection(SolutionConfigurationPlatforms) = preSolution
		Debug|Any CPU = Debug|Any CPU
		Release|Any CPU = Release|Any CPU
	EndGlobalSection
	GlobalSection(ProjectConfigurationPlatforms) = postSolution
		{A866871D-93B2-436C-BE03-42F3A2F0D825}.Debug|Any CPU.ActiveCfg = Debug|Any CPU
		{A866871D-93B2-436C-BE03-42F3A2F0D825}.Debug|Any CPU.Build.0 = Debug|Any CPU
		{A866871D-93B2-436C-BE03-42F3A2F0D825}.Release|Any CPU.ActiveCfg = Release|Any CPU
		{A866871D-93B2-436C-BE03-42F3A2F0D825}.Release|Any CPU.Build.0 = Release|Any CPU
	EndGlobalSection
	GlobalSection(SolutionProperties) = preSolution
		HideSolutionNode = FALSE
	EndGlobalSection
	GlobalSection(ExtensibilityGlobals) = postSolution
		SolutionGuid = {CDACC6FF-0ADD-427C-9397-C93690CC6F32}
	EndGlobalSection
EndGlobal
